
Microsoft Visual Studio Solution File, Format Version 12.00
# Visual Studio Version 16
VisualStudioVersion = 16.0.31605.320
MinimumVisualStudioVersion = 10.0.40219.1
Project("{FAE04EC0-301F-11D3-BF4B-00C04F79EFBC}") = "GeometryGrupp3", "GeometryGrupp3\GeometryGrupp3.csproj", "{5ACFE835-A660-4B48-8460-B65A389033C8}"
EndProject
Project("{FAE04EC0-301F-11D3-BF4B-00C04F79EFBC}") = "GeometriTDD", "GeometriTDD\GeometriTDD.csproj", "{44B3CAA9-A49A-439D-9DA6-B1607C650FCE}"
EndProject
Project("{FAE04EC0-301F-11D3-BF4B-00C04F79EFBC}") = "GeometriTDDTests", "GeometriTDDTests\GeometriTDDTests.csproj", "{99238ACE-9175-49E8-ACE5-C42AA238CF44}"
EndProject
Global
	GlobalSection(SolutionConfigurationPlatforms) = preSolution
		Debug|Any CPU = Debug|Any CPU
		Release|Any CPU = Release|Any CPU
	EndGlobalSection
	GlobalSection(ProjectConfigurationPlatforms) = postSolution
		{5ACFE835-A660-4B48-8460-B65A389033C8}.Debug|Any CPU.ActiveCfg = Debug|Any CPU
		{5ACFE835-A660-4B48-8460-B65A389033C8}.Debug|Any CPU.Build.0 = Debug|Any CPU
		{5ACFE835-A660-4B48-8460-B65A389033C8}.Release|Any CPU.ActiveCfg = Release|Any CPU
		{5ACFE835-A660-4B48-8460-B65A389033C8}.Release|Any CPU.Build.0 = Release|Any CPU
		{44B3CAA9-A49A-439D-9DA6-B1607C650FCE}.Debug|Any CPU.ActiveCfg = Debug|Any CPU
		{44B3CAA9-A49A-439D-9DA6-B1607C650FCE}.Debug|Any CPU.Build.0 = Debug|Any CPU
		{44B3CAA9-A49A-439D-9DA6-B1607C650FCE}.Release|Any CPU.ActiveCfg = Release|Any CPU
		{44B3CAA9-A49A-439D-9DA6-B1607C650FCE}.Release|Any CPU.Build.0 = Release|Any CPU
		{99238ACE-9175-49E8-ACE5-C42AA238CF44}.Debug|Any CPU.ActiveCfg = Debug|Any CPU
		{99238ACE-9175-49E8-ACE5-C42AA238CF44}.Debug|Any CPU.Build.0 = Debug|Any CPU
		{99238ACE-9175-49E8-ACE5-C42AA238CF44}.Release|Any CPU.ActiveCfg = Release|Any CPU
		{99238ACE-9175-49E8-ACE5-C42AA238CF44}.Release|Any CPU.Build.0 = Release|Any CPU
	EndGlobalSection
	GlobalSection(SolutionProperties) = preSolution
		HideSolutionNode = FALSE
	EndGlobalSection
	GlobalSection(ExtensibilityGlobals) = postSolution
		SolutionGuid = {5681C043-3C8B-4D9E-9BCA-E6C0B2774737}
	EndGlobalSection
EndGlobal
